
Microsoft Visual Studio Solution File, Format Version 12.00
# Visual Studio Version 16
VisualStudioVersion = 16.0.30011.22
MinimumVisualStudioVersion = 10.0.40219.1
Project("{FAE04EC0-301F-11D3-BF4B-00C04F79EFBC}") = "Games.Ocix.MainMenu", "Games.Ocix.MainMenu\Games.Ocix.MainMenu.csproj", "{67BB3602-C2A1-4B8E-BE88-1A778EDF5D85}"
EndProject
Global
	GlobalSection(SolutionConfigurationPlatforms) = preSolution
		Debug|Any CPU = Debug|Any CPU
		Release|Any CPU = Release|Any CPU
	EndGlobalSection
	GlobalSection(ProjectConfigurationPlatforms) = postSolution
		{67BB3602-C2A1-4B8E-BE88-1A778EDF5D85}.Debug|Any CPU.ActiveCfg = Debug|Any CPU
		{67BB3602-C2A1-4B8E-BE88-1A778EDF5D85}.Debug|Any CPU.Build.0 = Debug|Any CPU
		{67BB3602-C2A1-4B8E-BE88-1A778EDF5D85}.Release|Any CPU.ActiveCfg = Release|Any CPU
		{67BB3602-C2A1-4B8E-BE88-1A778EDF5D85}.Release|Any CPU.Build.0 = Release|Any CPU
	EndGlobalSection
	GlobalSection(SolutionProperties) = preSolution
		HideSolutionNode = FALSE
	EndGlobalSection
	GlobalSection(ExtensibilityGlobals) = postSolution
		SolutionGuid = {9A1354A2-9C6C-40A9-9C09-176CF2A8540C}
	EndGlobalSection
EndGlobal
